
Microsoft Visual Studio Solution File, Format Version 12.00
# Visual Studio Version 16
VisualStudioVersion = 16.0.31624.102
MinimumVisualStudioVersion = 10.0.40219.1
Project("{FAE04EC0-301F-11D3-BF4B-00C04F79EFBC}") = "Day4", "Day4\Day4.csproj", "{B87541D2-688E-4B5C-BDAC-816BB6D56FA6}"
EndProject
Global
	GlobalSection(SolutionConfigurationPlatforms) = preSolution
		Debug|Any CPU = Debug|Any CPU
		Release|Any CPU = Release|Any CPU
	EndGlobalSection
	GlobalSection(ProjectConfigurationPlatforms) = postSolution
		{B87541D2-688E-4B5C-BDAC-816BB6D56FA6}.Debug|Any CPU.ActiveCfg = Debug|Any CPU
		{B87541D2-688E-4B5C-BDAC-816BB6D56FA6}.Debug|Any CPU.Build.0 = Debug|Any CPU
		{B87541D2-688E-4B5C-BDAC-816BB6D56FA6}.Release|Any CPU.ActiveCfg = Release|Any CPU
		{B87541D2-688E-4B5C-BDAC-816BB6D56FA6}.Release|Any CPU.Build.0 = Release|Any CPU
	EndGlobalSection
	GlobalSection(SolutionProperties) = preSolution
		HideSolutionNode = FALSE
	EndGlobalSection
	GlobalSection(ExtensibilityGlobals) = postSolution
		SolutionGuid = {E2471B0C-DB98-4485-845F-BBC748B06096}
	EndGlobalSection
EndGlobal
